
Microsoft Visual Studio Solution File, Format Version 12.00
# Visual Studio Version 17
VisualStudioVersion = 17.11.35222.181
MinimumVisualStudioVersion = 10.0.40219.1
Project("{FAE04EC0-301F-11D3-BF4B-00C04F79EFBC}") = "Bai4", "Bai4\Bai4.csproj", "{F450AA22-086F-4F77-8BB4-2669B88FFEC1}"
EndProject
Global
	GlobalSection(SolutionConfigurationPlatforms) = preSolution
		Debug|Any CPU = Debug|Any CPU
		Release|Any CPU = Release|Any CPU
	EndGlobalSection
	GlobalSection(ProjectConfigurationPlatforms) = postSolution
		{F450AA22-086F-4F77-8BB4-2669B88FFEC1}.Debug|Any CPU.ActiveCfg = Debug|Any CPU
		{F450AA22-086F-4F77-8BB4-2669B88FFEC1}.Debug|Any CPU.Build.0 = Debug|Any CPU
		{F450AA22-086F-4F77-8BB4-2669B88FFEC1}.Release|Any CPU.ActiveCfg = Release|Any CPU
		{F450AA22-086F-4F77-8BB4-2669B88FFEC1}.Release|Any CPU.Build.0 = Release|Any CPU
	EndGlobalSection
	GlobalSection(SolutionProperties) = preSolution
		HideSolutionNode = FALSE
	EndGlobalSection
	GlobalSection(ExtensibilityGlobals) = postSolution
		SolutionGuid = {D0FF4EE7-F831-4613-83B4-1264816C17AB}
	EndGlobalSection
EndGlobal
